
Microsoft Visual Studio Solution File, Format Version 12.00
# Visual Studio Version 17
VisualStudioVersion = 17.1.32210.238
MinimumVisualStudioVersion = 10.0.40219.1
Project("{FAE04EC0-301F-11D3-BF4B-00C04F79EFBC}") = "Projeto", "MenuPrincipal\Projeto.csproj", "{45C91EA1-3BFE-44BD-809A-58E1AE96C15C}"
EndProject
Project("{FAE04EC0-301F-11D3-BF4B-00C04F79EFBC}") = "Servidor", "Servidor\Servidor.csproj", "{90BB39DB-3EDB-4C48-8317-2D347569BA66}"
EndProject
Global
	GlobalSection(SolutionConfigurationPlatforms) = preSolution
		Debug|Any CPU = Debug|Any CPU
		Release|Any CPU = Release|Any CPU
	EndGlobalSection
	GlobalSection(ProjectConfigurationPlatforms) = postSolution
		{45C91EA1-3BFE-44BD-809A-58E1AE96C15C}.Debug|Any CPU.ActiveCfg = Debug|Any CPU
		{45C91EA1-3BFE-44BD-809A-58E1AE96C15C}.Debug|Any CPU.Build.0 = Debug|Any CPU
		{45C91EA1-3BFE-44BD-809A-58E1AE96C15C}.Release|Any CPU.ActiveCfg = Release|Any CPU
		{45C91EA1-3BFE-44BD-809A-58E1AE96C15C}.Release|Any CPU.Build.0 = Release|Any CPU
		{90BB39DB-3EDB-4C48-8317-2D347569BA66}.Debug|Any CPU.ActiveCfg = Debug|Any CPU
		{90BB39DB-3EDB-4C48-8317-2D347569BA66}.Debug|Any CPU.Build.0 = Debug|Any CPU
		{90BB39DB-3EDB-4C48-8317-2D347569BA66}.Release|Any CPU.ActiveCfg = Release|Any CPU
		{90BB39DB-3EDB-4C48-8317-2D347569BA66}.Release|Any CPU.Build.0 = Release|Any CPU
	EndGlobalSection
	GlobalSection(SolutionProperties) = preSolution
		HideSolutionNode = FALSE
	EndGlobalSection
	GlobalSection(ExtensibilityGlobals) = postSolution
		SolutionGuid = {2955F639-C20B-4488-B3F2-7DEFC76D4835}
	EndGlobalSection
EndGlobal
